
Microsoft Visual Studio Solution File, Format Version 12.00
# Visual Studio 2013
VisualStudioVersion = 12.0.30501.0
MinimumVisualStudioVersion = 10.0.40219.1
Project("{FAE04EC0-301F-11D3-BF4B-00C04F79EFBC}") = "Desktop", "Desktop\Desktop.csproj", "{EB72F788-4068-4326-AAD2-C358AF630835}"
EndProject
Project("{FAE04EC0-301F-11D3-BF4B-00C04F79EFBC}") = "ReactiveFlickr", "ReactiveFlickr\ReactiveFlickr.csproj", "{85C5489F-318C-498B-A516-CC173057A510}"
EndProject
Project("{FAE04EC0-301F-11D3-BF4B-00C04F79EFBC}") = "Mobile", "Mobile\Mobile.csproj", "{B0069E88-B5F1-428E-8E56-6775407BD9B0}"
EndProject
Global
	GlobalSection(SolutionConfigurationPlatforms) = preSolution
		Debug|Any CPU = Debug|Any CPU
		Debug|ARM = Debug|ARM
		Debug|x86 = Debug|x86
		Release|Any CPU = Release|Any CPU
		Release|ARM = Release|ARM
		Release|x86 = Release|x86
	EndGlobalSection
	GlobalSection(ProjectConfigurationPlatforms) = postSolution
		{EB72F788-4068-4326-AAD2-C358AF630835}.Debug|Any CPU.ActiveCfg = Debug|Any CPU
		{EB72F788-4068-4326-AAD2-C358AF630835}.Debug|Any CPU.Build.0 = Debug|Any CPU
		{EB72F788-4068-4326-AAD2-C358AF630835}.Debug|ARM.ActiveCfg = Debug|Any CPU
		{EB72F788-4068-4326-AAD2-C358AF630835}.Debug|x86.ActiveCfg = Debug|Any CPU
		{EB72F788-4068-4326-AAD2-C358AF630835}.Release|Any CPU.ActiveCfg = Release|Any CPU
		{EB72F788-4068-4326-AAD2-C358AF630835}.Release|Any CPU.Build.0 = Release|Any CPU
		{EB72F788-4068-4326-AAD2-C358AF630835}.Release|ARM.ActiveCfg = Release|Any CPU
		{EB72F788-4068-4326-AAD2-C358AF630835}.Release|x86.ActiveCfg = Release|Any CPU
		{85C5489F-318C-498B-A516-CC173057A510}.Debug|Any CPU.ActiveCfg = Debug|Any CPU
		{85C5489F-318C-498B-A516-CC173057A510}.Debug|Any CPU.Build.0 = Debug|Any CPU
		{85C5489F-318C-498B-A516-CC173057A510}.Debug|ARM.ActiveCfg = Debug|Any CPU
		{85C5489F-318C-498B-A516-CC173057A510}.Debug|x86.ActiveCfg = Debug|Any CPU
		{85C5489F-318C-498B-A516-CC173057A510}.Release|Any CPU.ActiveCfg = Release|Any CPU
		{85C5489F-318C-498B-A516-CC173057A510}.Release|Any CPU.Build.0 = Release|Any CPU
		{85C5489F-318C-498B-A516-CC173057A510}.Release|ARM.ActiveCfg = Release|Any CPU
		{85C5489F-318C-498B-A516-CC173057A510}.Release|x86.ActiveCfg = Release|Any CPU
		{B0069E88-B5F1-428E-8E56-6775407BD9B0}.Debug|Any CPU.ActiveCfg = Debug|Any CPU
		{B0069E88-B5F1-428E-8E56-6775407BD9B0}.Debug|Any CPU.Build.0 = Debug|Any CPU
		{B0069E88-B5F1-428E-8E56-6775407BD9B0}.Debug|Any CPU.Deploy.0 = Debug|Any CPU
		{B0069E88-B5F1-428E-8E56-6775407BD9B0}.Debug|ARM.ActiveCfg = Debug|ARM
		{B0069E88-B5F1-428E-8E56-6775407BD9B0}.Debug|ARM.Build.0 = Debug|ARM
		{B0069E88-B5F1-428E-8E56-6775407BD9B0}.Debug|ARM.Deploy.0 = Debug|ARM
		{B0069E88-B5F1-428E-8E56-6775407BD9B0}.Debug|x86.ActiveCfg = Debug|x86
		{B0069E88-B5F1-428E-8E56-6775407BD9B0}.Debug|x86.Build.0 = Debug|x86
		{B0069E88-B5F1-428E-8E56-6775407BD9B0}.Debug|x86.Deploy.0 = Debug|x86
		{B0069E88-B5F1-428E-8E56-6775407BD9B0}.Release|Any CPU.ActiveCfg = Release|Any CPU
		{B0069E88-B5F1-428E-8E56-6775407BD9B0}.Release|Any CPU.Build.0 = Release|Any CPU
		{B0069E88-B5F1-428E-8E56-6775407BD9B0}.Release|Any CPU.Deploy.0 = Release|Any CPU
		{B0069E88-B5F1-428E-8E56-6775407BD9B0}.Release|ARM.ActiveCfg = Release|ARM
		{B0069E88-B5F1-428E-8E56-6775407BD9B0}.Release|ARM.Build.0 = Release|ARM
		{B0069E88-B5F1-428E-8E56-6775407BD9B0}.Release|ARM.Deploy.0 = Release|ARM
		{B0069E88-B5F1-428E-8E56-6775407BD9B0}.Release|x86.ActiveCfg = Release|x86
		{B0069E88-B5F1-428E-8E56-6775407BD9B0}.Release|x86.Build.0 = Release|x86
		{B0069E88-B5F1-428E-8E56-6775407BD9B0}.Release|x86.Deploy.0 = Release|x86
	EndGlobalSection
	GlobalSection(SolutionProperties) = preSolution
		HideSolutionNode = FALSE
	EndGlobalSection
EndGlobal
